# Generated by pub
# See http://pub.dartlang.org/doc/glossary.html#lockfile
packages:
  animation:
    description: animation
    source: hosted
    version: "0.5.20"
  browser:
    description: browser
    source: hosted
    version: "0.6.9"
  crypto:
    description: crypto
    source: hosted
    version: "0.6.9+2"
  meta:
    description: meta
    source: hosted
    version: "0.6.9+2"
  path:
    description: path
    source: hosted
    version: "0.6.9+2"
  pathos:
    description: pathos
    source: hosted
    version: "0.6.3+1"
  stack_trace:
    description: stack_trace
    source: hosted
    version: "0.6.9+2"
  unittest:
    description: unittest
    source: hosted
    version: "0.6.9+2"
  uuid:
    description: uuid
    source: hosted
    version: "0.1.6"
